
Microsoft Visual Studio Solution File, Format Version 12.00
# Visual Studio 2012
Project("{FAE04EC0-301F-11D3-BF4B-00C04F79EFBC}") = "EMS.Service", "EMS.Service\EMS.Service.csproj", "{C5A59B39-E2AD-4CDC-9891-197967B33C43}"
EndProject
Project("{2150E333-8FDC-42A3-9474-1A3956D46DE8}") = "Service Layer", "Service Layer", "{AD691AAF-9289-40DA-ABE8-097BA4D0A456}"
EndProject
Project("{2150E333-8FDC-42A3-9474-1A3956D46DE8}") = "Business Layer", "Business Layer", "{A476E5E8-E39A-4B43-AD20-690E829CD6FE}"
EndProject
Project("{2150E333-8FDC-42A3-9474-1A3956D46DE8}") = "Data Access Layer", "Data Access Layer", "{FEF47A2D-B286-4DB1-BCA6-22A0E50F2359}"
EndProject
Project("{FAE04EC0-301F-11D3-BF4B-00C04F79EFBC}") = "EMS.DataContract", "EMS.DataContract\EMS.DataContract.csproj", "{15B3E0D2-6217-493A-A690-158C497F5318}"
EndProject
Project("{FAE04EC0-301F-11D3-BF4B-00C04F79EFBC}") = "EMS.ServiceContract", "EMS.ServiceContract\EMS.ServiceContract.csproj", "{2597124C-CBE7-42FA-AD5F-B0CD7671FFEF}"
EndProject
Project("{FAE04EC0-301F-11D3-BF4B-00C04F79EFBC}") = "EMS.ServiceImplementation", "EMS.ServiceImplementation\EMS.ServiceImplementation.csproj", "{309F3376-6325-4BF6-B27B-4B076722D4DF}"
EndProject
Project("{FAE04EC0-301F-11D3-BF4B-00C04F79EFBC}") = "EMS.Translator", "EMS.Translator\EMS.Translator.csproj", "{626E382A-7DCE-484D-971D-9A7EDFCB6AF8}"
EndProject
Project("{FAE04EC0-301F-11D3-BF4B-00C04F79EFBC}") = "EMS.EnterpriseLibrary", "EMS.EnterpriseLibrary\EMS.EnterpriseLibrary.csproj", "{4342247C-E2A4-475C-9FD6-FA99778091D7}"
EndProject
Project("{2150E333-8FDC-42A3-9474-1A3956D46DE8}") = "Host", "Host", "{CC08DD73-E278-41B0-9CB8-6B0CF4DDE17F}"
EndProject
Project("{FAE04EC0-301F-11D3-BF4B-00C04F79EFBC}") = "EMS.DataAccessLayer.DatabaseStorage", "EMS.DataAccessLayer.DatabaseStorage\EMS.DataAccessLayer.DatabaseStorage.csproj", "{736BFEF4-2141-4EF2-9E2C-E25C92803DC9}"
EndProject
Project("{FAE04EC0-301F-11D3-BF4B-00C04F79EFBC}") = "EMS.BusinessDataContract", "EMS.BusinessDataContract\EMS.BusinessDataContract.csproj", "{AA957D4F-049B-4819-B58A-15A5E09FAFC8}"
EndProject
Project("{FAE04EC0-301F-11D3-BF4B-00C04F79EFBC}") = "EMS.BusinessImplementation", "EMS.BusinessImplementation\EMS.BusinessImplementation.csproj", "{757F3104-D4E0-491B-95AA-643930711E20}"
EndProject
Project("{FAE04EC0-301F-11D3-BF4B-00C04F79EFBC}") = "EMS.BusinessInterface", "EMS.BusinessInterface\EMS.BusinessInterface.csproj", "{B9EC00BC-03BD-4CF5-96A3-3C0F00A9B488}"
EndProject
Global
	GlobalSection(SolutionConfigurationPlatforms) = preSolution
		Debug|Any CPU = Debug|Any CPU
		Release|Any CPU = Release|Any CPU
	EndGlobalSection
	GlobalSection(ProjectConfigurationPlatforms) = postSolution
		{C5A59B39-E2AD-4CDC-9891-197967B33C43}.Debug|Any CPU.ActiveCfg = Debug|Any CPU
		{C5A59B39-E2AD-4CDC-9891-197967B33C43}.Debug|Any CPU.Build.0 = Debug|Any CPU
		{C5A59B39-E2AD-4CDC-9891-197967B33C43}.Release|Any CPU.ActiveCfg = Release|Any CPU
		{C5A59B39-E2AD-4CDC-9891-197967B33C43}.Release|Any CPU.Build.0 = Release|Any CPU
		{15B3E0D2-6217-493A-A690-158C497F5318}.Debug|Any CPU.ActiveCfg = Debug|Any CPU
		{15B3E0D2-6217-493A-A690-158C497F5318}.Debug|Any CPU.Build.0 = Debug|Any CPU
		{15B3E0D2-6217-493A-A690-158C497F5318}.Release|Any CPU.ActiveCfg = Release|Any CPU
		{15B3E0D2-6217-493A-A690-158C497F5318}.Release|Any CPU.Build.0 = Release|Any CPU
		{2597124C-CBE7-42FA-AD5F-B0CD7671FFEF}.Debug|Any CPU.ActiveCfg = Debug|Any CPU
		{2597124C-CBE7-42FA-AD5F-B0CD7671FFEF}.Debug|Any CPU.Build.0 = Debug|Any CPU
		{2597124C-CBE7-42FA-AD5F-B0CD7671FFEF}.Release|Any CPU.ActiveCfg = Release|Any CPU
		{2597124C-CBE7-42FA-AD5F-B0CD7671FFEF}.Release|Any CPU.Build.0 = Release|Any CPU
		{309F3376-6325-4BF6-B27B-4B076722D4DF}.Debug|Any CPU.ActiveCfg = Debug|Any CPU
		{309F3376-6325-4BF6-B27B-4B076722D4DF}.Debug|Any CPU.Build.0 = Debug|Any CPU
		{309F3376-6325-4BF6-B27B-4B076722D4DF}.Release|Any CPU.ActiveCfg = Release|Any CPU
		{309F3376-6325-4BF6-B27B-4B076722D4DF}.Release|Any CPU.Build.0 = Release|Any CPU
		{626E382A-7DCE-484D-971D-9A7EDFCB6AF8}.Debug|Any CPU.ActiveCfg = Debug|Any CPU
		{626E382A-7DCE-484D-971D-9A7EDFCB6AF8}.Debug|Any CPU.Build.0 = Debug|Any CPU
		{626E382A-7DCE-484D-971D-9A7EDFCB6AF8}.Release|Any CPU.ActiveCfg = Release|Any CPU
		{626E382A-7DCE-484D-971D-9A7EDFCB6AF8}.Release|Any CPU.Build.0 = Release|Any CPU
		{4342247C-E2A4-475C-9FD6-FA99778091D7}.Debug|Any CPU.ActiveCfg = Debug|Any CPU
		{4342247C-E2A4-475C-9FD6-FA99778091D7}.Debug|Any CPU.Build.0 = Debug|Any CPU
		{4342247C-E2A4-475C-9FD6-FA99778091D7}.Release|Any CPU.ActiveCfg = Release|Any CPU
		{4342247C-E2A4-475C-9FD6-FA99778091D7}.Release|Any CPU.Build.0 = Release|Any CPU
		{736BFEF4-2141-4EF2-9E2C-E25C92803DC9}.Debug|Any CPU.ActiveCfg = Debug|Any CPU
		{736BFEF4-2141-4EF2-9E2C-E25C92803DC9}.Debug|Any CPU.Build.0 = Debug|Any CPU
		{736BFEF4-2141-4EF2-9E2C-E25C92803DC9}.Release|Any CPU.ActiveCfg = Release|Any CPU
		{736BFEF4-2141-4EF2-9E2C-E25C92803DC9}.Release|Any CPU.Build.0 = Release|Any CPU
		{AA957D4F-049B-4819-B58A-15A5E09FAFC8}.Debug|Any CPU.ActiveCfg = Debug|Any CPU
		{AA957D4F-049B-4819-B58A-15A5E09FAFC8}.Debug|Any CPU.Build.0 = Debug|Any CPU
		{AA957D4F-049B-4819-B58A-15A5E09FAFC8}.Release|Any CPU.ActiveCfg = Release|Any CPU
		{AA957D4F-049B-4819-B58A-15A5E09FAFC8}.Release|Any CPU.Build.0 = Release|Any CPU
		{757F3104-D4E0-491B-95AA-643930711E20}.Debug|Any CPU.ActiveCfg = Debug|Any CPU
		{757F3104-D4E0-491B-95AA-643930711E20}.Debug|Any CPU.Build.0 = Debug|Any CPU
		{757F3104-D4E0-491B-95AA-643930711E20}.Release|Any CPU.ActiveCfg = Release|Any CPU
		{757F3104-D4E0-491B-95AA-643930711E20}.Release|Any CPU.Build.0 = Release|Any CPU
		{B9EC00BC-03BD-4CF5-96A3-3C0F00A9B488}.Debug|Any CPU.ActiveCfg = Debug|Any CPU
		{B9EC00BC-03BD-4CF5-96A3-3C0F00A9B488}.Debug|Any CPU.Build.0 = Debug|Any CPU
		{B9EC00BC-03BD-4CF5-96A3-3C0F00A9B488}.Release|Any CPU.ActiveCfg = Release|Any CPU
		{B9EC00BC-03BD-4CF5-96A3-3C0F00A9B488}.Release|Any CPU.Build.0 = Release|Any CPU
	EndGlobalSection
	GlobalSection(SolutionProperties) = preSolution
		HideSolutionNode = FALSE
	EndGlobalSection
	GlobalSection(NestedProjects) = preSolution
		{C5A59B39-E2AD-4CDC-9891-197967B33C43} = {CC08DD73-E278-41B0-9CB8-6B0CF4DDE17F}
		{15B3E0D2-6217-493A-A690-158C497F5318} = {AD691AAF-9289-40DA-ABE8-097BA4D0A456}
		{2597124C-CBE7-42FA-AD5F-B0CD7671FFEF} = {AD691AAF-9289-40DA-ABE8-097BA4D0A456}
		{309F3376-6325-4BF6-B27B-4B076722D4DF} = {AD691AAF-9289-40DA-ABE8-097BA4D0A456}
		{626E382A-7DCE-484D-971D-9A7EDFCB6AF8} = {AD691AAF-9289-40DA-ABE8-097BA4D0A456}
		{4342247C-E2A4-475C-9FD6-FA99778091D7} = {A476E5E8-E39A-4B43-AD20-690E829CD6FE}
		{AA957D4F-049B-4819-B58A-15A5E09FAFC8} = {A476E5E8-E39A-4B43-AD20-690E829CD6FE}
		{757F3104-D4E0-491B-95AA-643930711E20} = {A476E5E8-E39A-4B43-AD20-690E829CD6FE}
		{B9EC00BC-03BD-4CF5-96A3-3C0F00A9B488} = {A476E5E8-E39A-4B43-AD20-690E829CD6FE}
		{736BFEF4-2141-4EF2-9E2C-E25C92803DC9} = {FEF47A2D-B286-4DB1-BCA6-22A0E50F2359}
	EndGlobalSection
EndGlobal
