
Microsoft Visual Studio Solution File, Format Version 12.00
# Visual Studio 2012
Project("{E24C65DC-7377-472B-9ABA-BC803B73C61A}") = "BouncingBall", ".", "{9F21A4F4-1EC0-4243-B7DA-B5F2C1806C5F}"
	ProjectSection(WebsiteProperties) = preProject
		TargetFrameworkMoniker = ".NETFramework,Version%3Dv4.5"
		Debug.AspNetCompiler.VirtualPath = "/BouncingBall"
		Debug.AspNetCompiler.PhysicalPath = "D:\Training\BouncingBall\"
		Debug.AspNetCompiler.TargetPath = "PrecompiledWeb\BouncingBall\"
		Debug.AspNetCompiler.Updateable = "true"
		Debug.AspNetCompiler.ForceOverwrite = "true"
		Debug.AspNetCompiler.FixedNames = "false"
		Debug.AspNetCompiler.Debug = "True"
		Release.AspNetCompiler.VirtualPath = "/BouncingBall"
		Release.AspNetCompiler.PhysicalPath = "D:\Training\BouncingBall\"
		Release.AspNetCompiler.TargetPath = "PrecompiledWeb\BouncingBall\"
		Release.AspNetCompiler.Updateable = "true"
		Release.AspNetCompiler.ForceOverwrite = "true"
		Release.AspNetCompiler.FixedNames = "false"
		Release.AspNetCompiler.Debug = "False"
		VWDPort = "49252"
	EndProjectSection
EndProject
Global
	GlobalSection(SolutionConfigurationPlatforms) = preSolution
		Debug|Any CPU = Debug|Any CPU
	EndGlobalSection
	GlobalSection(ProjectConfigurationPlatforms) = postSolution
		{9F21A4F4-1EC0-4243-B7DA-B5F2C1806C5F}.Debug|Any CPU.ActiveCfg = Debug|Any CPU
		{9F21A4F4-1EC0-4243-B7DA-B5F2C1806C5F}.Debug|Any CPU.Build.0 = Debug|Any CPU
	EndGlobalSection
	GlobalSection(SolutionProperties) = preSolution
		HideSolutionNode = FALSE
	EndGlobalSection
EndGlobal
