
Microsoft Visual Studio Solution File, Format Version 12.00
# Visual Studio 2012
Project("{FAE04EC0-301F-11D3-BF4B-00C04F79EFBC}") = "RoleBasedAccessMVC", "RoleBasedAccessMVC\RoleBasedAccessMVC.csproj", "{1DADE626-52A6-48F9-A953-66F4F2E70BB9}"
EndProject
Global
	GlobalSection(SolutionConfigurationPlatforms) = preSolution
		Debug|Any CPU = Debug|Any CPU
		Release|Any CPU = Release|Any CPU
	EndGlobalSection
	GlobalSection(ProjectConfigurationPlatforms) = postSolution
		{1DADE626-52A6-48F9-A953-66F4F2E70BB9}.Debug|Any CPU.ActiveCfg = Debug|Any CPU
		{1DADE626-52A6-48F9-A953-66F4F2E70BB9}.Debug|Any CPU.Build.0 = Debug|Any CPU
		{1DADE626-52A6-48F9-A953-66F4F2E70BB9}.Release|Any CPU.ActiveCfg = Release|Any CPU
		{1DADE626-52A6-48F9-A953-66F4F2E70BB9}.Release|Any CPU.Build.0 = Release|Any CPU
	EndGlobalSection
	GlobalSection(SolutionProperties) = preSolution
		HideSolutionNode = FALSE
	EndGlobalSection
EndGlobal
