
Microsoft Visual Studio Solution File, Format Version 12.00
# Visual Studio 2012
Project("{E24C65DC-7377-472B-9ABA-BC803B73C61A}") = "Concat", ".", "{DE86267D-004B-4831-A3FD-6804823E07DB}"
	ProjectSection(WebsiteProperties) = preProject
		TargetFrameworkMoniker = ".NETFramework,Version%3Dv4.5"
		Debug.AspNetCompiler.VirtualPath = "/Concat"
		Debug.AspNetCompiler.PhysicalPath = "D:\Training\StringManipulation\Concat\"
		Debug.AspNetCompiler.TargetPath = "PrecompiledWeb\Concat\"
		Debug.AspNetCompiler.Updateable = "true"
		Debug.AspNetCompiler.ForceOverwrite = "true"
		Debug.AspNetCompiler.FixedNames = "false"
		Debug.AspNetCompiler.Debug = "True"
		Release.AspNetCompiler.VirtualPath = "/Concat"
		Release.AspNetCompiler.PhysicalPath = "D:\Training\StringManipulation\Concat\"
		Release.AspNetCompiler.TargetPath = "PrecompiledWeb\Concat\"
		Release.AspNetCompiler.Updateable = "true"
		Release.AspNetCompiler.ForceOverwrite = "true"
		Release.AspNetCompiler.FixedNames = "false"
		Release.AspNetCompiler.Debug = "False"
		VWDPort = "51580"
	EndProjectSection
EndProject
Global
	GlobalSection(SolutionConfigurationPlatforms) = preSolution
		Debug|Any CPU = Debug|Any CPU
	EndGlobalSection
	GlobalSection(ProjectConfigurationPlatforms) = postSolution
		{DE86267D-004B-4831-A3FD-6804823E07DB}.Debug|Any CPU.ActiveCfg = Debug|Any CPU
		{DE86267D-004B-4831-A3FD-6804823E07DB}.Debug|Any CPU.Build.0 = Debug|Any CPU
	EndGlobalSection
	GlobalSection(SolutionProperties) = preSolution
		HideSolutionNode = FALSE
	EndGlobalSection
EndGlobal
